
Microsoft Visual Studio Solution File, Format Version 12.00
# Visual Studio Version 17
VisualStudioVersion = 17.7.34031.279
MinimumVisualStudioVersion = 10.0.40219.1
Project("{FAE04EC0-301F-11D3-BF4B-00C04F79EFBC}") = "ChatWebApi_01", "ChatWebApi_01\ChatWebApi_01.csproj", "{31762FC1-886F-4388-ACC6-AC65DFCE27E7}"
EndProject
Global
	GlobalSection(SolutionConfigurationPlatforms) = preSolution
		Debug|Any CPU = Debug|Any CPU
		Release|Any CPU = Release|Any CPU
	EndGlobalSection
	GlobalSection(ProjectConfigurationPlatforms) = postSolution
		{31762FC1-886F-4388-ACC6-AC65DFCE27E7}.Debug|Any CPU.ActiveCfg = Debug|Any CPU
		{31762FC1-886F-4388-ACC6-AC65DFCE27E7}.Debug|Any CPU.Build.0 = Debug|Any CPU
		{31762FC1-886F-4388-ACC6-AC65DFCE27E7}.Release|Any CPU.ActiveCfg = Release|Any CPU
		{31762FC1-886F-4388-ACC6-AC65DFCE27E7}.Release|Any CPU.Build.0 = Release|Any CPU
	EndGlobalSection
	GlobalSection(SolutionProperties) = preSolution
		HideSolutionNode = FALSE
	EndGlobalSection
	GlobalSection(ExtensibilityGlobals) = postSolution
		SolutionGuid = {FBD8A086-32A9-447F-BCB9-196F6E4905FE}
	EndGlobalSection
EndGlobal
